
Microsoft Visual Studio Solution File, Format Version 12.00
# Visual Studio 14
VisualStudioVersion = 14.0.25420.1
MinimumVisualStudioVersion = 10.0.40219.1
Project("{8BC9CEB8-8B4A-11D0-8D11-00A0C91BC942}") = "FBXImporter", "FBXImporter\FBXImporter.vcxproj", "{BAA88DEC-6EB4-42DF-BD40-4D4890A0FEF5}"
EndProject
Project("{8BC9CEB8-8B4A-11D0-8D11-00A0C91BC942}") = "FBXImporterWrapper", "FBXImporterWrapper\FBXImporterWrapper.vcxproj", "{D1CB0654-3797-4CC9-8110-11A7DF17AB6E}"
	ProjectSection(ProjectDependencies) = postProject
		{BAA88DEC-6EB4-42DF-BD40-4D4890A0FEF5} = {BAA88DEC-6EB4-42DF-BD40-4D4890A0FEF5}
	EndProjectSection
Global
	GlobalSection(SolutionConfigurationPlatforms) = preSolution
		Debug|Any CPU = Debug|Any CPU
		Debug|Win32 = Debug|Win32
		Debug|x64 = Debug|x64
		DebugDoubleDLL|Any CPU = DebugDoubleDLL|Any CPU
		DebugDoubleDLL|Win32 = DebugDoubleDLL|Win32
		DebugDoubleDLL|x64 = DebugDoubleDLL|x64
		DebugDoubleLib|Any CPU = DebugDoubleLib|Any CPU
		DebugDoubleLib|Win32 = DebugDoubleLib|Win32
		DebugDoubleLib|x64 = DebugDoubleLib|x64
		DebugSingleDLL|Any CPU = DebugSingleDLL|Any CPU
		DebugSingleDLL|Win32 = DebugSingleDLL|Win32
		DebugSingleDLL|x64 = DebugSingleDLL|x64
		DebugSingleLib|Any CPU = DebugSingleLib|Any CPU
		DebugSingleLib|Win32 = DebugSingleLib|Win32
		DebugSingleLib|x64 = DebugSingleLib|x64
		Release|Any CPU = Release|Any CPU
		Release|Win32 = Release|Win32
		Release|x64 = Release|x64
		ReleaseDoubleDLL|Any CPU = ReleaseDoubleDLL|Any CPU
		ReleaseDoubleDLL|Win32 = ReleaseDoubleDLL|Win32
		ReleaseDoubleDLL|x64 = ReleaseDoubleDLL|x64
		ReleaseDoubleLib|Any CPU = ReleaseDoubleLib|Any CPU
		ReleaseDoubleLib|Win32 = ReleaseDoubleLib|Win32
		ReleaseDoubleLib|x64 = ReleaseDoubleLib|x64
		ReleaseSingleDLL|Any CPU = ReleaseSingleDLL|Any CPU
		ReleaseSingleDLL|Win32 = ReleaseSingleDLL|Win32
		ReleaseSingleDLL|x64 = ReleaseSingleDLL|x64
		ReleaseSingleLib|Any CPU = ReleaseSingleLib|Any CPU
		ReleaseSingleLib|Win32 = ReleaseSingleLib|Win32
		ReleaseSingleLib|x64 = ReleaseSingleLib|x64
	EndGlobalSection
	GlobalSection(ProjectConfigurationPlatforms) = postSolution
		{BAA88DEC-6EB4-42DF-BD40-4D4890A0FEF5}.Debug|Any CPU.ActiveCfg = Debug|Win32
		{BAA88DEC-6EB4-42DF-BD40-4D4890A0FEF5}.Debug|Win32.ActiveCfg = Debug|Win32
		{BAA88DEC-6EB4-42DF-BD40-4D4890A0FEF5}.Debug|Win32.Build.0 = Debug|Win32
		{BAA88DEC-6EB4-42DF-BD40-4D4890A0FEF5}.Debug|x64.ActiveCfg = Debug|x64
		{BAA88DEC-6EB4-42DF-BD40-4D4890A0FEF5}.DebugDoubleDLL|Any CPU.ActiveCfg = Release|x64
		{BAA88DEC-6EB4-42DF-BD40-4D4890A0FEF5}.DebugDoubleDLL|Any CPU.Build.0 = Release|x64
		{BAA88DEC-6EB4-42DF-BD40-4D4890A0FEF5}.DebugDoubleDLL|Win32.ActiveCfg = Debug|Win32
		{BAA88DEC-6EB4-42DF-BD40-4D4890A0FEF5}.DebugDoubleDLL|Win32.Build.0 = Debug|Win32
		{BAA88DEC-6EB4-42DF-BD40-4D4890A0FEF5}.DebugDoubleDLL|x64.ActiveCfg = Debug|x64
		{BAA88DEC-6EB4-42DF-BD40-4D4890A0FEF5}.DebugDoubleDLL|x64.Build.0 = Debug|x64
		{BAA88DEC-6EB4-42DF-BD40-4D4890A0FEF5}.DebugDoubleLib|Any CPU.ActiveCfg = Release|x64
		{BAA88DEC-6EB4-42DF-BD40-4D4890A0FEF5}.DebugDoubleLib|Any CPU.Build.0 = Release|x64
		{BAA88DEC-6EB4-42DF-BD40-4D4890A0FEF5}.DebugDoubleLib|Win32.ActiveCfg = Debug|Win32
		{BAA88DEC-6EB4-42DF-BD40-4D4890A0FEF5}.DebugDoubleLib|Win32.Build.0 = Debug|Win32
		{BAA88DEC-6EB4-42DF-BD40-4D4890A0FEF5}.DebugDoubleLib|x64.ActiveCfg = Debug|x64
		{BAA88DEC-6EB4-42DF-BD40-4D4890A0FEF5}.DebugDoubleLib|x64.Build.0 = Debug|x64
		{BAA88DEC-6EB4-42DF-BD40-4D4890A0FEF5}.DebugSingleDLL|Any CPU.ActiveCfg = Release|x64
		{BAA88DEC-6EB4-42DF-BD40-4D4890A0FEF5}.DebugSingleDLL|Any CPU.Build.0 = Release|x64
		{BAA88DEC-6EB4-42DF-BD40-4D4890A0FEF5}.DebugSingleDLL|Win32.ActiveCfg = Debug|Win32
		{BAA88DEC-6EB4-42DF-BD40-4D4890A0FEF5}.DebugSingleDLL|Win32.Build.0 = Debug|Win32
		{BAA88DEC-6EB4-42DF-BD40-4D4890A0FEF5}.DebugSingleDLL|x64.ActiveCfg = Debug|x64
		{BAA88DEC-6EB4-42DF-BD40-4D4890A0FEF5}.DebugSingleDLL|x64.Build.0 = Debug|x64
		{BAA88DEC-6EB4-42DF-BD40-4D4890A0FEF5}.DebugSingleLib|Any CPU.ActiveCfg = Release|x64
		{BAA88DEC-6EB4-42DF-BD40-4D4890A0FEF5}.DebugSingleLib|Any CPU.Build.0 = Release|x64
		{BAA88DEC-6EB4-42DF-BD40-4D4890A0FEF5}.DebugSingleLib|Win32.ActiveCfg = Debug|Win32
		{BAA88DEC-6EB4-42DF-BD40-4D4890A0FEF5}.DebugSingleLib|Win32.Build.0 = Debug|Win32
		{BAA88DEC-6EB4-42DF-BD40-4D4890A0FEF5}.DebugSingleLib|x64.ActiveCfg = Debug|x64
		{BAA88DEC-6EB4-42DF-BD40-4D4890A0FEF5}.DebugSingleLib|x64.Build.0 = Debug|x64
		{BAA88DEC-6EB4-42DF-BD40-4D4890A0FEF5}.Release|Any CPU.ActiveCfg = Release|Win32
		{BAA88DEC-6EB4-42DF-BD40-4D4890A0FEF5}.Release|Win32.ActiveCfg = Release|Win32
		{BAA88DEC-6EB4-42DF-BD40-4D4890A0FEF5}.Release|Win32.Build.0 = Release|Win32
		{BAA88DEC-6EB4-42DF-BD40-4D4890A0FEF5}.Release|x64.ActiveCfg = Release|x64
		{BAA88DEC-6EB4-42DF-BD40-4D4890A0FEF5}.ReleaseDoubleDLL|Any CPU.ActiveCfg = Release|x64
		{BAA88DEC-6EB4-42DF-BD40-4D4890A0FEF5}.ReleaseDoubleDLL|Any CPU.Build.0 = Release|x64
		{BAA88DEC-6EB4-42DF-BD40-4D4890A0FEF5}.ReleaseDoubleDLL|Win32.ActiveCfg = Release|Win32
		{BAA88DEC-6EB4-42DF-BD40-4D4890A0FEF5}.ReleaseDoubleDLL|Win32.Build.0 = Release|Win32
		{BAA88DEC-6EB4-42DF-BD40-4D4890A0FEF5}.ReleaseDoubleDLL|x64.ActiveCfg = Release|x64
		{BAA88DEC-6EB4-42DF-BD40-4D4890A0FEF5}.ReleaseDoubleDLL|x64.Build.0 = Release|x64
		{BAA88DEC-6EB4-42DF-BD40-4D4890A0FEF5}.ReleaseDoubleLib|Any CPU.ActiveCfg = Release|x64
		{BAA88DEC-6EB4-42DF-BD40-4D4890A0FEF5}.ReleaseDoubleLib|Any CPU.Build.0 = Release|x64
		{BAA88DEC-6EB4-42DF-BD40-4D4890A0FEF5}.ReleaseDoubleLib|Win32.ActiveCfg = Release|Win32
		{BAA88DEC-6EB4-42DF-BD40-4D4890A0FEF5}.ReleaseDoubleLib|Win32.Build.0 = Release|Win32
		{BAA88DEC-6EB4-42DF-BD40-4D4890A0FEF5}.ReleaseDoubleLib|x64.ActiveCfg = Release|x64
		{BAA88DEC-6EB4-42DF-BD40-4D4890A0FEF5}.ReleaseDoubleLib|x64.Build.0 = Release|x64
		{BAA88DEC-6EB4-42DF-BD40-4D4890A0FEF5}.ReleaseSingleDLL|Any CPU.ActiveCfg = Release|x64
		{BAA88DEC-6EB4-42DF-BD40-4D4890A0FEF5}.ReleaseSingleDLL|Any CPU.Build.0 = Release|x64
		{BAA88DEC-6EB4-42DF-BD40-4D4890A0FEF5}.ReleaseSingleDLL|Win32.ActiveCfg = Release|Win32
		{BAA88DEC-6EB4-42DF-BD40-4D4890A0FEF5}.ReleaseSingleDLL|Win32.Build.0 = Release|Win32
		{BAA88DEC-6EB4-42DF-BD40-4D4890A0FEF5}.ReleaseSingleDLL|x64.ActiveCfg = Release|x64
		{BAA88DEC-6EB4-42DF-BD40-4D4890A0FEF5}.ReleaseSingleDLL|x64.Build.0 = Release|x64
		{BAA88DEC-6EB4-42DF-BD40-4D4890A0FEF5}.ReleaseSingleLib|Any CPU.ActiveCfg = Release|x64
		{BAA88DEC-6EB4-42DF-BD40-4D4890A0FEF5}.ReleaseSingleLib|Any CPU.Build.0 = Release|x64
		{BAA88DEC-6EB4-42DF-BD40-4D4890A0FEF5}.ReleaseSingleLib|Win32.ActiveCfg = Release|Win32
		{BAA88DEC-6EB4-42DF-BD40-4D4890A0FEF5}.ReleaseSingleLib|Win32.Build.0 = Release|Win32
		{BAA88DEC-6EB4-42DF-BD40-4D4890A0FEF5}.ReleaseSingleLib|x64.ActiveCfg = Release|x64
		{BAA88DEC-6EB4-42DF-BD40-4D4890A0FEF5}.ReleaseSingleLib|x64.Build.0 = Release|x64
		{E6CC8D07-95B6-4601-AC88-17CDD28E401E}.Debug|Any CPU.ActiveCfg = Debug|Win32
		{E6CC8D07-95B6-4601-AC88-17CDD28E401E}.Debug|Win32.ActiveCfg = Debug|Win32
		{E6CC8D07-95B6-4601-AC88-17CDD28E401E}.Debug|Win32.Build.0 = Debug|Win32
		{E6CC8D07-95B6-4601-AC88-17CDD28E401E}.Debug|x64.ActiveCfg = Debug|x64
		{E6CC8D07-95B6-4601-AC88-17CDD28E401E}.DebugDoubleDLL|Any CPU.ActiveCfg = Release|x64
		{E6CC8D07-95B6-4601-AC88-17CDD28E401E}.DebugDoubleDLL|Any CPU.Build.0 = Release|x64
		{E6CC8D07-95B6-4601-AC88-17CDD28E401E}.DebugDoubleDLL|Win32.ActiveCfg = Debug|Win32
		{E6CC8D07-95B6-4601-AC88-17CDD28E401E}.DebugDoubleDLL|Win32.Build.0 = Debug|Win32
		{E6CC8D07-95B6-4601-AC88-17CDD28E401E}.DebugDoubleDLL|x64.ActiveCfg = Debug|x64
		{E6CC8D07-95B6-4601-AC88-17CDD28E401E}.DebugDoubleDLL|x64.Build.0 = Debug|x64
		{E6CC8D07-95B6-4601-AC88-17CDD28E401E}.DebugDoubleLib|Any CPU.ActiveCfg = Release|x64
		{E6CC8D07-95B6-4601-AC88-17CDD28E401E}.DebugDoubleLib|Any CPU.Build.0 = Release|x64
		{E6CC8D07-95B6-4601-AC88-17CDD28E401E}.DebugDoubleLib|Win32.ActiveCfg = Debug|Win32
		{E6CC8D07-95B6-4601-AC88-17CDD28E401E}.DebugDoubleLib|Win32.Build.0 = Debug|Win32
		{E6CC8D07-95B6-4601-AC88-17CDD28E401E}.DebugDoubleLib|x64.ActiveCfg = Debug|x64
		{E6CC8D07-95B6-4601-AC88-17CDD28E401E}.DebugDoubleLib|x64.Build.0 = Debug|x64
		{E6CC8D07-95B6-4601-AC88-17CDD28E401E}.DebugSingleDLL|Any CPU.ActiveCfg = Release|x64
		{E6CC8D07-95B6-4601-AC88-17CDD28E401E}.DebugSingleDLL|Any CPU.Build.0 = Release|x64
		{E6CC8D07-95B6-4601-AC88-17CDD28E401E}.DebugSingleDLL|Win32.ActiveCfg = Debug|Win32
		{E6CC8D07-95B6-4601-AC88-17CDD28E401E}.DebugSingleDLL|Win32.Build.0 = Debug|Win32
		{E6CC8D07-95B6-4601-AC88-17CDD28E401E}.DebugSingleDLL|x64.ActiveCfg = Debug|x64
		{E6CC8D07-95B6-4601-AC88-17CDD28E401E}.DebugSingleDLL|x64.Build.0 = Debug|x64
		{E6CC8D07-95B6-4601-AC88-17CDD28E401E}.DebugSingleLib|Any CPU.ActiveCfg = Release|x64
		{E6CC8D07-95B6-4601-AC88-17CDD28E401E}.DebugSingleLib|Any CPU.Build.0 = Release|x64
		{E6CC8D07-95B6-4601-AC88-17CDD28E401E}.DebugSingleLib|Win32.ActiveCfg = Debug|Win32
		{E6CC8D07-95B6-4601-AC88-17CDD28E401E}.DebugSingleLib|Win32.Build.0 = Debug|Win32
		{E6CC8D07-95B6-4601-AC88-17CDD28E401E}.DebugSingleLib|x64.ActiveCfg = Debug|x64
		{E6CC8D07-95B6-4601-AC88-17CDD28E401E}.DebugSingleLib|x64.Build.0 = Debug|x64
		{E6CC8D07-95B6-4601-AC88-17CDD28E401E}.Release|Any CPU.ActiveCfg = Release|Win32
		{E6CC8D07-95B6-4601-AC88-17CDD28E401E}.Release|Win32.ActiveCfg = Release|Win32
		{E6CC8D07-95B6-4601-AC88-17CDD28E401E}.Release|Win32.Build.0 = Release|Win32
		{E6CC8D07-95B6-4601-AC88-17CDD28E401E}.Release|x64.ActiveCfg = Release|x64
		{E6CC8D07-95B6-4601-AC88-17CDD28E401E}.Release|x64.Build.0 = Release|x64
		{E6CC8D07-95B6-4601-AC88-17CDD28E401E}.ReleaseDoubleDLL|Any CPU.ActiveCfg = Release|x64
		{E6CC8D07-95B6-4601-AC88-17CDD28E401E}.ReleaseDoubleDLL|Any CPU.Build.0 = Release|x64
		{E6CC8D07-95B6-4601-AC88-17CDD28E401E}.ReleaseDoubleDLL|Win32.ActiveCfg = Release|Win32
		{E6CC8D07-95B6-4601-AC88-17CDD28E401E}.ReleaseDoubleDLL|Win32.Build.0 = Release|Win32
		{E6CC8D07-95B6-4601-AC88-17CDD28E401E}.ReleaseDoubleDLL|x64.ActiveCfg = Release|x64
		{E6CC8D07-95B6-4601-AC88-17CDD28E401E}.ReleaseDoubleDLL|x64.Build.0 = Release|x64
		{E6CC8D07-95B6-4601-AC88-17CDD28E401E}.ReleaseDoubleLib|Any CPU.ActiveCfg = Release|x64
		{E6CC8D07-95B6-4601-AC88-17CDD28E401E}.ReleaseDoubleLib|Any CPU.Build.0 = Release|x64
		{E6CC8D07-95B6-4601-AC88-17CDD28E401E}.ReleaseDoubleLib|Win32.ActiveCfg = Release|Win32
		{E6CC8D07-95B6-4601-AC88-17CDD28E401E}.ReleaseDoubleLib|Win32.Build.0 = Release|Win32
		{E6CC8D07-95B6-4601-AC88-17CDD28E401E}.ReleaseDoubleLib|x64.ActiveCfg = Release|x64
		{E6CC8D07-95B6-4601-AC88-17CDD28E401E}.ReleaseDoubleLib|x64.Build.0 = Release|x64
		{E6CC8D07-95B6-4601-AC88-17CDD28E401E}.ReleaseSingleDLL|Any CPU.ActiveCfg = Release|x64
		{E6CC8D07-95B6-4601-AC88-17CDD28E401E}.ReleaseSingleDLL|Any CPU.Build.0 = Release|x64
		{E6CC8D07-95B6-4601-AC88-17CDD28E401E}.ReleaseSingleDLL|Win32.ActiveCfg = Release|Win32
		{E6CC8D07-95B6-4601-AC88-17CDD28E401E}.ReleaseSingleDLL|Win32.Build.0 = Release|Win32
		{E6CC8D07-95B6-4601-AC88-17CDD28E401E}.ReleaseSingleDLL|x64.ActiveCfg = Release|x64
		{E6CC8D07-95B6-4601-AC88-17CDD28E401E}.ReleaseSingleDLL|x64.Build.0 = Release|x64
		{E6CC8D07-95B6-4601-AC88-17CDD28E401E}.ReleaseSingleLib|Any CPU.ActiveCfg = Release|x64
		{E6CC8D07-95B6-4601-AC88-17CDD28E401E}.ReleaseSingleLib|Any CPU.Build.0 = Release|x64
		{E6CC8D07-95B6-4601-AC88-17CDD28E401E}.ReleaseSingleLib|Win32.ActiveCfg = Release|Win32
		{E6CC8D07-95B6-4601-AC88-17CDD28E401E}.ReleaseSingleLib|Win32.Build.0 = Release|Win32
		{E6CC8D07-95B6-4601-AC88-17CDD28E401E}.ReleaseSingleLib|x64.ActiveCfg = Release|x64
		{E6CC8D07-95B6-4601-AC88-17CDD28E401E}.ReleaseSingleLib|x64.Build.0 = Release|x64
		{C99DEC24-BA6A-4CAB-BF97-A4EB0B94840B}.Debug|Any CPU.ActiveCfg = Debug|Win32
		{C99DEC24-BA6A-4CAB-BF97-A4EB0B94840B}.Debug|Win32.ActiveCfg = Debug|Win32
		{C99DEC24-BA6A-4CAB-BF97-A4EB0B94840B}.Debug|Win32.Build.0 = Debug|Win32
		{C99DEC24-BA6A-4CAB-BF97-A4EB0B94840B}.Debug|x64.ActiveCfg = Debug|x64
		{C99DEC24-BA6A-4CAB-BF97-A4EB0B94840B}.Debug|x64.Build.0 = Debug|x64
		{C99DEC24-BA6A-4CAB-BF97-A4EB0B94840B}.DebugDoubleDLL|Any CPU.ActiveCfg = Release|x64
		{C99DEC24-BA6A-4CAB-BF97-A4EB0B94840B}.DebugDoubleDLL|Any CPU.Build.0 = Release|x64
		{C99DEC24-BA6A-4CAB-BF97-A4EB0B94840B}.DebugDoubleDLL|Win32.ActiveCfg = Debug|Win32
		{C99DEC24-BA6A-4CAB-BF97-A4EB0B94840B}.DebugDoubleDLL|Win32.Build.0 = Debug|Win32
		{C99DEC24-BA6A-4CAB-BF97-A4EB0B94840B}.DebugDoubleDLL|x64.ActiveCfg = Debug|x64
		{C99DEC24-BA6A-4CAB-BF97-A4EB0B94840B}.DebugDoubleDLL|x64.Build.0 = Debug|x64
		{C99DEC24-BA6A-4CAB-BF97-A4EB0B94840B}.DebugDoubleLib|Any CPU.ActiveCfg = Release|x64
		{C99DEC24-BA6A-4CAB-BF97-A4EB0B94840B}.DebugDoubleLib|Any CPU.Build.0 = Release|x64
		{C99DEC24-BA6A-4CAB-BF97-A4EB0B94840B}.DebugDoubleLib|Win32.ActiveCfg = Debug|Win32
		{C99DEC24-BA6A-4CAB-BF97-A4EB0B94840B}.DebugDoubleLib|Win32.Build.0 = Debug|Win32
		{C99DEC24-BA6A-4CAB-BF97-A4EB0B94840B}.DebugDoubleLib|x64.ActiveCfg = Debug|x64
		{C99DEC24-BA6A-4CAB-BF97-A4EB0B94840B}.DebugDoubleLib|x64.Build.0 = Debug|x64
		{C99DEC24-BA6A-4CAB-BF97-A4EB0B94840B}.DebugSingleDLL|Any CPU.ActiveCfg = Release|x64
		{C99DEC24-BA6A-4CAB-BF97-A4EB0B94840B}.DebugSingleDLL|Any CPU.Build.0 = Release|x64
		{C99DEC24-BA6A-4CAB-BF97-A4EB0B94840B}.DebugSingleDLL|Win32.ActiveCfg = Debug|Win32
		{C99DEC24-BA6A-4CAB-BF97-A4EB0B94840B}.DebugSingleDLL|Win32.Build.0 = Debug|Win32
		{C99DEC24-BA6A-4CAB-BF97-A4EB0B94840B}.DebugSingleDLL|x64.ActiveCfg = Debug|x64
		{C99DEC24-BA6A-4CAB-BF97-A4EB0B94840B}.DebugSingleDLL|x64.Build.0 = Debug|x64
		{C99DEC24-BA6A-4CAB-BF97-A4EB0B94840B}.DebugSingleLib|Any CPU.ActiveCfg = Release|x64
		{C99DEC24-BA6A-4CAB-BF97-A4EB0B94840B}.DebugSingleLib|Any CPU.Build.0 = Release|x64
		{C99DEC24-BA6A-4CAB-BF97-A4EB0B94840B}.DebugSingleLib|Win32.ActiveCfg = Debug|Win32
		{C99DEC24-BA6A-4CAB-BF97-A4EB0B94840B}.DebugSingleLib|Win32.Build.0 = Debug|Win32
		{C99DEC24-BA6A-4CAB-BF97-A4EB0B94840B}.DebugSingleLib|x64.ActiveCfg = Debug|x64
		{C99DEC24-BA6A-4CAB-BF97-A4EB0B94840B}.DebugSingleLib|x64.Build.0 = Debug|x64
		{C99DEC24-BA6A-4CAB-BF97-A4EB0B94840B}.Release|Any CPU.ActiveCfg = Release|Win32
		{C99DEC24-BA6A-4CAB-BF97-A4EB0B94840B}.Release|Win32.ActiveCfg = Release|Win32
		{C99DEC24-BA6A-4CAB-BF97-A4EB0B94840B}.Release|Win32.Build.0 = Release|Win32
		{C99DEC24-BA6A-4CAB-BF97-A4EB0B94840B}.Release|x64.ActiveCfg = Release|x64
		{C99DEC24-BA6A-4CAB-BF97-A4EB0B94840B}.Release|x64.Build.0 = Release|x64
		{C99DEC24-BA6A-4CAB-BF97-A4EB0B94840B}.ReleaseDoubleDLL|Any CPU.ActiveCfg = Release|x64
		{C99DEC24-BA6A-4CAB-BF97-A4EB0B94840B}.ReleaseDoubleDLL|Any CPU.Build.0 = Release|x64
		{C99DEC24-BA6A-4CAB-BF97-A4EB0B94840B}.ReleaseDoubleDLL|Win32.ActiveCfg = Release|Win32
		{C99DEC24-BA6A-4CAB-BF97-A4EB0B94840B}.ReleaseDoubleDLL|Win32.Build.0 = Release|Win32
		{C99DEC24-BA6A-4CAB-BF97-A4EB0B94840B}.ReleaseDoubleDLL|x64.ActiveCfg = Release|x64
		{C99DEC24-BA6A-4CAB-BF97-A4EB0B94840B}.ReleaseDoubleDLL|x64.Build.0 = Release|x64
		{C99DEC24-BA6A-4CAB-BF97-A4EB0B94840B}.ReleaseDoubleLib|Any CPU.ActiveCfg = Release|x64
		{C99DEC24-BA6A-4CAB-BF97-A4EB0B94840B}.ReleaseDoubleLib|Any CPU.Build.0 = Release|x64
		{C99DEC24-BA6A-4CAB-BF97-A4EB0B94840B}.ReleaseDoubleLib|Win32.ActiveCfg = Release|Win32
		{C99DEC24-BA6A-4CAB-BF97-A4EB0B94840B}.ReleaseDoubleLib|Win32.Build.0 = Release|Win32
		{C99DEC24-BA6A-4CAB-BF97-A4EB0B94840B}.ReleaseDoubleLib|x64.ActiveCfg = Release|x64
		{C99DEC24-BA6A-4CAB-BF97-A4EB0B94840B}.ReleaseDoubleLib|x64.Build.0 = Release|x64
		{C99DEC24-BA6A-4CAB-BF97-A4EB0B94840B}.ReleaseSingleDLL|Any CPU.ActiveCfg = Release|x64
		{C99DEC24-BA6A-4CAB-BF97-A4EB0B94840B}.ReleaseSingleDLL|Any CPU.Build.0 = Release|x64
		{C99DEC24-BA6A-4CAB-BF97-A4EB0B94840B}.ReleaseSingleDLL|Win32.ActiveCfg = Release|Win32
		{C99DEC24-BA6A-4CAB-BF97-A4EB0B94840B}.ReleaseSingleDLL|Win32.Build.0 = Release|Win32
		{C99DEC24-BA6A-4CAB-BF97-A4EB0B94840B}.ReleaseSingleDLL|x64.ActiveCfg = Release|x64
		{C99DEC24-BA6A-4CAB-BF97-A4EB0B94840B}.ReleaseSingleDLL|x64.Build.0 = Release|x64
		{C99DEC24-BA6A-4CAB-BF97-A4EB0B94840B}.ReleaseSingleLib|Any CPU.ActiveCfg = Release|x64
		{C99DEC24-BA6A-4CAB-BF97-A4EB0B94840B}.ReleaseSingleLib|Any CPU.Build.0 = Release|x64
		{C99DEC24-BA6A-4CAB-BF97-A4EB0B94840B}.ReleaseSingleLib|Win32.ActiveCfg = Release|Win32
		{C99DEC24-BA6A-4CAB-BF97-A4EB0B94840B}.ReleaseSingleLib|Win32.Build.0 = Release|Win32
		{C99DEC24-BA6A-4CAB-BF97-A4EB0B94840B}.ReleaseSingleLib|x64.ActiveCfg = Release|x64
		{C99DEC24-BA6A-4CAB-BF97-A4EB0B94840B}.ReleaseSingleLib|x64.Build.0 = Release|x64
		{D1CB0654-3797-4CC9-8110-11A7DF17AB6E}.Debug|Any CPU.ActiveCfg = Debug|Win32
		{D1CB0654-3797-4CC9-8110-11A7DF17AB6E}.Debug|Win32.ActiveCfg = Debug|Win32
		{D1CB0654-3797-4CC9-8110-11A7DF17AB6E}.Debug|Win32.Build.0 = Debug|Win32
		{D1CB0654-3797-4CC9-8110-11A7DF17AB6E}.Debug|x64.ActiveCfg = Debug|x64
		{D1CB0654-3797-4CC9-8110-11A7DF17AB6E}.Debug|x64.Build.0 = Debug|x64
		{D1CB0654-3797-4CC9-8110-11A7DF17AB6E}.DebugDoubleDLL|Any CPU.ActiveCfg = Release|x64
		{D1CB0654-3797-4CC9-8110-11A7DF17AB6E}.DebugDoubleDLL|Any CPU.Build.0 = Release|x64
		{D1CB0654-3797-4CC9-8110-11A7DF17AB6E}.DebugDoubleDLL|Win32.ActiveCfg = Debug|Win32
		{D1CB0654-3797-4CC9-8110-11A7DF17AB6E}.DebugDoubleDLL|Win32.Build.0 = Debug|Win32
		{D1CB0654-3797-4CC9-8110-11A7DF17AB6E}.DebugDoubleDLL|x64.ActiveCfg = Debug|x64
		{D1CB0654-3797-4CC9-8110-11A7DF17AB6E}.DebugDoubleDLL|x64.Build.0 = Debug|x64
		{D1CB0654-3797-4CC9-8110-11A7DF17AB6E}.DebugDoubleLib|Any CPU.ActiveCfg = Release|x64
		{D1CB0654-3797-4CC9-8110-11A7DF17AB6E}.DebugDoubleLib|Any CPU.Build.0 = Release|x64
		{D1CB0654-3797-4CC9-8110-11A7DF17AB6E}.DebugDoubleLib|Win32.ActiveCfg = Debug|Win32
		{D1CB0654-3797-4CC9-8110-11A7DF17AB6E}.DebugDoubleLib|Win32.Build.0 = Debug|Win32
		{D1CB0654-3797-4CC9-8110-11A7DF17AB6E}.DebugDoubleLib|x64.ActiveCfg = Debug|x64
		{D1CB0654-3797-4CC9-8110-11A7DF17AB6E}.DebugDoubleLib|x64.Build.0 = Debug|x64
		{D1CB0654-3797-4CC9-8110-11A7DF17AB6E}.DebugSingleDLL|Any CPU.ActiveCfg = Release|x64
		{D1CB0654-3797-4CC9-8110-11A7DF17AB6E}.DebugSingleDLL|Any CPU.Build.0 = Release|x64
		{D1CB0654-3797-4CC9-8110-11A7DF17AB6E}.DebugSingleDLL|Win32.ActiveCfg = Debug|Win32
		{D1CB0654-3797-4CC9-8110-11A7DF17AB6E}.DebugSingleDLL|Win32.Build.0 = Debug|Win32
		{D1CB0654-3797-4CC9-8110-11A7DF17AB6E}.DebugSingleDLL|x64.ActiveCfg = Debug|x64
		{D1CB0654-3797-4CC9-8110-11A7DF17AB6E}.DebugSingleDLL|x64.Build.0 = Debug|x64
		{D1CB0654-3797-4CC9-8110-11A7DF17AB6E}.DebugSingleLib|Any CPU.ActiveCfg = Release|x64
		{D1CB0654-3797-4CC9-8110-11A7DF17AB6E}.DebugSingleLib|Any CPU.Build.0 = Release|x64
		{D1CB0654-3797-4CC9-8110-11A7DF17AB6E}.DebugSingleLib|Win32.ActiveCfg = Debug|Win32
		{D1CB0654-3797-4CC9-8110-11A7DF17AB6E}.DebugSingleLib|Win32.Build.0 = Debug|Win32
		{D1CB0654-3797-4CC9-8110-11A7DF17AB6E}.DebugSingleLib|x64.ActiveCfg = Debug|x64
		{D1CB0654-3797-4CC9-8110-11A7DF17AB6E}.DebugSingleLib|x64.Build.0 = Debug|x64
		{D1CB0654-3797-4CC9-8110-11A7DF17AB6E}.Release|Any CPU.ActiveCfg = Release|Win32
		{D1CB0654-3797-4CC9-8110-11A7DF17AB6E}.Release|Win32.ActiveCfg = Release|Win32
		{D1CB0654-3797-4CC9-8110-11A7DF17AB6E}.Release|Win32.Build.0 = Release|Win32
		{D1CB0654-3797-4CC9-8110-11A7DF17AB6E}.Release|x64.ActiveCfg = Release|x64
		{D1CB0654-3797-4CC9-8110-11A7DF17AB6E}.Release|x64.Build.0 = Release|x64
		{D1CB0654-3797-4CC9-8110-11A7DF17AB6E}.ReleaseDoubleDLL|Any CPU.ActiveCfg = Release|x64
		{D1CB0654-3797-4CC9-8110-11A7DF17AB6E}.ReleaseDoubleDLL|Any CPU.Build.0 = Release|x64
		{D1CB0654-3797-4CC9-8110-11A7DF17AB6E}.ReleaseDoubleDLL|Win32.ActiveCfg = Release|Win32
		{D1CB0654-3797-4CC9-8110-11A7DF17AB6E}.ReleaseDoubleDLL|Win32.Build.0 = Release|Win32
		{D1CB0654-3797-4CC9-8110-11A7DF17AB6E}.ReleaseDoubleDLL|x64.ActiveCfg = Release|x64
		{D1CB0654-3797-4CC9-8110-11A7DF17AB6E}.ReleaseDoubleDLL|x64.Build.0 = Release|x64
		{D1CB0654-3797-4CC9-8110-11A7DF17AB6E}.ReleaseDoubleLib|Any CPU.ActiveCfg = Release|x64
		{D1CB0654-3797-4CC9-8110-11A7DF17AB6E}.ReleaseDoubleLib|Any CPU.Build.0 = Release|x64
		{D1CB0654-3797-4CC9-8110-11A7DF17AB6E}.ReleaseDoubleLib|Win32.ActiveCfg = Release|Win32
		{D1CB0654-3797-4CC9-8110-11A7DF17AB6E}.ReleaseDoubleLib|Win32.Build.0 = Release|Win32
		{D1CB0654-3797-4CC9-8110-11A7DF17AB6E}.ReleaseDoubleLib|x64.ActiveCfg = Release|x64
		{D1CB0654-3797-4CC9-8110-11A7DF17AB6E}.ReleaseDoubleLib|x64.Build.0 = Release|x64
		{D1CB0654-3797-4CC9-8110-11A7DF17AB6E}.ReleaseSingleDLL|Any CPU.ActiveCfg = Release|x64
		{D1CB0654-3797-4CC9-8110-11A7DF17AB6E}.ReleaseSingleDLL|Any CPU.Build.0 = Release|x64
		{D1CB0654-3797-4CC9-8110-11A7DF17AB6E}.ReleaseSingleDLL|Win32.ActiveCfg = Release|Win32
		{D1CB0654-3797-4CC9-8110-11A7DF17AB6E}.ReleaseSingleDLL|Win32.Build.0 = Release|Win32
		{D1CB0654-3797-4CC9-8110-11A7DF17AB6E}.ReleaseSingleDLL|x64.ActiveCfg = Release|x64
		{D1CB0654-3797-4CC9-8110-11A7DF17AB6E}.ReleaseSingleDLL|x64.Build.0 = Release|x64
		{D1CB0654-3797-4CC9-8110-11A7DF17AB6E}.ReleaseSingleLib|Any CPU.ActiveCfg = Release|x64
		{D1CB0654-3797-4CC9-8110-11A7DF17AB6E}.ReleaseSingleLib|Any CPU.Build.0 = Release|x64
		{D1CB0654-3797-4CC9-8110-11A7DF17AB6E}.ReleaseSingleLib|Win32.ActiveCfg = Release|Win32
		{D1CB0654-3797-4CC9-8110-11A7DF17AB6E}.ReleaseSingleLib|Win32.Build.0 = Release|Win32
		{D1CB0654-3797-4CC9-8110-11A7DF17AB6E}.ReleaseSingleLib|x64.ActiveCfg = Release|x64
		{D1CB0654-3797-4CC9-8110-11A7DF17AB6E}.ReleaseSingleLib|x64.Build.0 = Release|x64
		{98B0EA45-26B5-3C42-9262-C09A4E431CAA}.Debug|Any CPU.ActiveCfg = DebugSingleDLL|Win32
		{98B0EA45-26B5-3C42-9262-C09A4E431CAA}.Debug|Any CPU.Build.0 = DebugSingleDLL|Win32
		{98B0EA45-26B5-3C42-9262-C09A4E431CAA}.Debug|Win32.ActiveCfg = DebugSingleDLL|Win32
		{98B0EA45-26B5-3C42-9262-C09A4E431CAA}.Debug|Win32.Build.0 = DebugSingleDLL|Win32
		{98B0EA45-26B5-3C42-9262-C09A4E431CAA}.Debug|x64.ActiveCfg = DebugSingleLib|x64
		{98B0EA45-26B5-3C42-9262-C09A4E431CAA}.Debug|x64.Build.0 = DebugSingleLib|x64
		{98B0EA45-26B5-3C42-9262-C09A4E431CAA}.DebugDoubleDLL|Any CPU.ActiveCfg = DebugDoubleDLL|Win32
		{98B0EA45-26B5-3C42-9262-C09A4E431CAA}.DebugDoubleDLL|Win32.ActiveCfg = DebugDoubleDLL|Win32
		{98B0EA45-26B5-3C42-9262-C09A4E431CAA}.DebugDoubleDLL|Win32.Build.0 = DebugDoubleDLL|Win32
		{98B0EA45-26B5-3C42-9262-C09A4E431CAA}.DebugDoubleDLL|x64.ActiveCfg = DebugDoubleDLL|x64
		{98B0EA45-26B5-3C42-9262-C09A4E431CAA}.DebugDoubleDLL|x64.Build.0 = DebugDoubleDLL|x64
		{98B0EA45-26B5-3C42-9262-C09A4E431CAA}.DebugDoubleLib|Any CPU.ActiveCfg = DebugDoubleLib|Win32
		{98B0EA45-26B5-3C42-9262-C09A4E431CAA}.DebugDoubleLib|Win32.ActiveCfg = DebugDoubleLib|Win32
		{98B0EA45-26B5-3C42-9262-C09A4E431CAA}.DebugDoubleLib|Win32.Build.0 = DebugDoubleLib|Win32
		{98B0EA45-26B5-3C42-9262-C09A4E431CAA}.DebugDoubleLib|x64.ActiveCfg = DebugDoubleLib|x64
		{98B0EA45-26B5-3C42-9262-C09A4E431CAA}.DebugDoubleLib|x64.Build.0 = DebugDoubleLib|x64
		{98B0EA45-26B5-3C42-9262-C09A4E431CAA}.DebugSingleDLL|Any CPU.ActiveCfg = DebugSingleDLL|Win32
		{98B0EA45-26B5-3C42-9262-C09A4E431CAA}.DebugSingleDLL|Win32.ActiveCfg = DebugSingleDLL|Win32
		{98B0EA45-26B5-3C42-9262-C09A4E431CAA}.DebugSingleDLL|Win32.Build.0 = DebugSingleDLL|Win32
		{98B0EA45-26B5-3C42-9262-C09A4E431CAA}.DebugSingleDLL|x64.ActiveCfg = DebugSingleDLL|x64
		{98B0EA45-26B5-3C42-9262-C09A4E431CAA}.DebugSingleDLL|x64.Build.0 = DebugSingleDLL|x64
		{98B0EA45-26B5-3C42-9262-C09A4E431CAA}.DebugSingleLib|Any CPU.ActiveCfg = DebugSingleLib|Win32
		{98B0EA45-26B5-3C42-9262-C09A4E431CAA}.DebugSingleLib|Win32.ActiveCfg = DebugSingleLib|Win32
		{98B0EA45-26B5-3C42-9262-C09A4E431CAA}.DebugSingleLib|Win32.Build.0 = DebugSingleLib|Win32
		{98B0EA45-26B5-3C42-9262-C09A4E431CAA}.DebugSingleLib|x64.ActiveCfg = DebugSingleLib|x64
		{98B0EA45-26B5-3C42-9262-C09A4E431CAA}.DebugSingleLib|x64.Build.0 = DebugSingleLib|x64
		{98B0EA45-26B5-3C42-9262-C09A4E431CAA}.Release|Any CPU.ActiveCfg = DebugSingleDLL|Win32
		{98B0EA45-26B5-3C42-9262-C09A4E431CAA}.Release|Any CPU.Build.0 = DebugSingleDLL|Win32
		{98B0EA45-26B5-3C42-9262-C09A4E431CAA}.Release|Win32.ActiveCfg = ReleaseSingleDLL|Win32
		{98B0EA45-26B5-3C42-9262-C09A4E431CAA}.Release|Win32.Build.0 = ReleaseSingleDLL|Win32
		{98B0EA45-26B5-3C42-9262-C09A4E431CAA}.Release|x64.ActiveCfg = ReleaseSingleLib|x64
		{98B0EA45-26B5-3C42-9262-C09A4E431CAA}.Release|x64.Build.0 = ReleaseSingleLib|x64
		{98B0EA45-26B5-3C42-9262-C09A4E431CAA}.ReleaseDoubleDLL|Any CPU.ActiveCfg = ReleaseDoubleDLL|Win32
		{98B0EA45-26B5-3C42-9262-C09A4E431CAA}.ReleaseDoubleDLL|Win32.ActiveCfg = ReleaseDoubleDLL|Win32
		{98B0EA45-26B5-3C42-9262-C09A4E431CAA}.ReleaseDoubleDLL|Win32.Build.0 = ReleaseDoubleDLL|Win32
		{98B0EA45-26B5-3C42-9262-C09A4E431CAA}.ReleaseDoubleDLL|x64.ActiveCfg = ReleaseDoubleDLL|x64
		{98B0EA45-26B5-3C42-9262-C09A4E431CAA}.ReleaseDoubleDLL|x64.Build.0 = ReleaseDoubleDLL|x64
		{98B0EA45-26B5-3C42-9262-C09A4E431CAA}.ReleaseDoubleLib|Any CPU.ActiveCfg = ReleaseDoubleLib|Win32
		{98B0EA45-26B5-3C42-9262-C09A4E431CAA}.ReleaseDoubleLib|Win32.ActiveCfg = ReleaseDoubleLib|Win32
		{98B0EA45-26B5-3C42-9262-C09A4E431CAA}.ReleaseDoubleLib|Win32.Build.0 = ReleaseDoubleLib|Win32
		{98B0EA45-26B5-3C42-9262-C09A4E431CAA}.ReleaseDoubleLib|x64.ActiveCfg = ReleaseDoubleLib|x64
		{98B0EA45-26B5-3C42-9262-C09A4E431CAA}.ReleaseDoubleLib|x64.Build.0 = ReleaseDoubleLib|x64
		{98B0EA45-26B5-3C42-9262-C09A4E431CAA}.ReleaseSingleDLL|Any CPU.ActiveCfg = ReleaseSingleDLL|Win32
		{98B0EA45-26B5-3C42-9262-C09A4E431CAA}.ReleaseSingleDLL|Win32.ActiveCfg = ReleaseSingleDLL|Win32
		{98B0EA45-26B5-3C42-9262-C09A4E431CAA}.ReleaseSingleDLL|Win32.Build.0 = ReleaseSingleDLL|Win32
		{98B0EA45-26B5-3C42-9262-C09A4E431CAA}.ReleaseSingleDLL|x64.ActiveCfg = ReleaseSingleDLL|x64
		{98B0EA45-26B5-3C42-9262-C09A4E431CAA}.ReleaseSingleDLL|x64.Build.0 = ReleaseSingleDLL|x64
		{98B0EA45-26B5-3C42-9262-C09A4E431CAA}.ReleaseSingleLib|Any CPU.ActiveCfg = ReleaseSingleLib|Win32
		{98B0EA45-26B5-3C42-9262-C09A4E431CAA}.ReleaseSingleLib|Win32.ActiveCfg = ReleaseSingleLib|Win32
		{98B0EA45-26B5-3C42-9262-C09A4E431CAA}.ReleaseSingleLib|Win32.Build.0 = ReleaseSingleLib|Win32
		{98B0EA45-26B5-3C42-9262-C09A4E431CAA}.ReleaseSingleLib|x64.ActiveCfg = ReleaseSingleLib|x64
		{98B0EA45-26B5-3C42-9262-C09A4E431CAA}.ReleaseSingleLib|x64.Build.0 = ReleaseSingleLib|x64
	EndGlobalSection
	GlobalSection(SolutionProperties) = preSolution
		HideSolutionNode = FALSE
	EndGlobalSection
	GlobalSection(ExtensibilityGlobals) = postSolution
		Qt5Version = Qt 5.5 x86 2
	EndGlobalSection
EndGlobal
